
Microsoft Visual Studio Solution File, Format Version 12.00
# Visual Studio Version 16
VisualStudioVersion = 16.0.30517.126
MinimumVisualStudioVersion = 10.0.40219.1
Project("{8BC9CEB8-8B4A-11D0-8D11-00A0C91BC942}") = "Exercice1", "Exercice1\Exercice1.vcxproj", "{DC2D999E-42CA-4657-B7F8-121D2500DC28}"
EndProject
Project("{8BC9CEB8-8B4A-11D0-8D11-00A0C91BC942}") = "EXERCICE2", "EXERCICE2\EXERCICE2.vcxproj", "{6C3DFCC7-486D-4CD9-825B-5FE077640BE0}"
EndProject
Global
	GlobalSection(SolutionConfigurationPlatforms) = preSolution
		Debug|x64 = Debug|x64
		Debug|x86 = Debug|x86
		Release|x64 = Release|x64
		Release|x86 = Release|x86
	EndGlobalSection
	GlobalSection(ProjectConfigurationPlatforms) = postSolution
		{DC2D999E-42CA-4657-B7F8-121D2500DC28}.Debug|x64.ActiveCfg = Debug|x64
		{DC2D999E-42CA-4657-B7F8-121D2500DC28}.Debug|x64.Build.0 = Debug|x64
		{DC2D999E-42CA-4657-B7F8-121D2500DC28}.Debug|x86.ActiveCfg = Debug|Win32
		{DC2D999E-42CA-4657-B7F8-121D2500DC28}.Debug|x86.Build.0 = Debug|Win32
		{DC2D999E-42CA-4657-B7F8-121D2500DC28}.Release|x64.ActiveCfg = Release|x64
		{DC2D999E-42CA-4657-B7F8-121D2500DC28}.Release|x64.Build.0 = Release|x64
		{DC2D999E-42CA-4657-B7F8-121D2500DC28}.Release|x86.ActiveCfg = Release|Win32
		{DC2D999E-42CA-4657-B7F8-121D2500DC28}.Release|x86.Build.0 = Release|Win32
		{6C3DFCC7-486D-4CD9-825B-5FE077640BE0}.Debug|x64.ActiveCfg = Debug|x64
		{6C3DFCC7-486D-4CD9-825B-5FE077640BE0}.Debug|x64.Build.0 = Debug|x64
		{6C3DFCC7-486D-4CD9-825B-5FE077640BE0}.Debug|x86.ActiveCfg = Debug|Win32
		{6C3DFCC7-486D-4CD9-825B-5FE077640BE0}.Debug|x86.Build.0 = Debug|Win32
		{6C3DFCC7-486D-4CD9-825B-5FE077640BE0}.Release|x64.ActiveCfg = Release|x64
		{6C3DFCC7-486D-4CD9-825B-5FE077640BE0}.Release|x64.Build.0 = Release|x64
		{6C3DFCC7-486D-4CD9-825B-5FE077640BE0}.Release|x86.ActiveCfg = Release|Win32
		{6C3DFCC7-486D-4CD9-825B-5FE077640BE0}.Release|x86.Build.0 = Release|Win32
	EndGlobalSection
	GlobalSection(SolutionProperties) = preSolution
		HideSolutionNode = FALSE
	EndGlobalSection
	GlobalSection(ExtensibilityGlobals) = postSolution
		SolutionGuid = {4B413592-6D7A-4960-9C13-B08422C1CF32}
	EndGlobalSection
EndGlobal
